# THIS IS AN AUTOGENERATED FILE. DO NOT EDIT THIS FILE DIRECTLY.
# yarn lockfile v1


vue-cli-service@^5.0.10:
  version "5.0.10"
  resolved "https://registry.yarnpkg.com/vue-cli-service/-/vue-cli-service-5.0.10.tgz#1ae10365dec4539358cb4860cd5876f93faf16e3"
  integrity sha512-j4+wxqjaHsgphWsQsDs0ET1TWSu+dW5syxk5MloTp6BsQ9dpN+SB0nq253thS6konMC+YiQLHxbf73ytrTHoRA==
